github.com/blacktop/go-dwarf v1.0.10 h1:i9zYgcIROETsNZ6V+zZn3uDH21FCG5BLLZ837GitxS0=
github.com/blacktop/go-dwarf v1.0.10/go.mod h1:4W2FKgSFYcZLDwnR7k+apv5i3nrau4NGl9N6VQ9DSTo=
github.com/jessevdk/go-flags v1.4.0/go.mod h1:4FA24M0QyGHXBuZZK/XkWh8h0e1EYbRYJSGM75WSRxI=
github.com/t0rr3sp3dr0/go-cpio-odc v0.9.5-0.20241204090443-a994b3aed6ee h1:rK0KpDkwD/JajkeqIJoNG5YGuCsTyOkWyzQLwWny62I=
github.com/t0rr3sp3dr0/go-cpio-odc v0.9.5-0.20241204090443-a994b3aed6ee/go.mod h1:1iHsjUXO64Hui0YsubGp0Tm/Uf04Iow2iy+1LJIarMw=
github.com/t0rr3sp3dr0/go-macho v0.0.0-20241203062244-1a073aec0d7b h1:i1hLCOFxSjbjJn4jA5+KSGTT2Hc6qvGJw0/4YxvFwVI=
github.com/t0rr3sp3dr0/go-macho v0.0.0-20241203062244-1a073aec0d7b/go.mod h1:dtlW2AJKQpFzImBVPWiUKZ6OxrQ2MLfWi/BPPe0EONE=
github.com/t0rr3sp3dr0/unicorn v0.0.0-20241220005206-b8204bd55907 h1:DWYZMbDxJtzfd6zapWonbp5iOvBmJYdfFOHyOWKasvM=
github.com/t0rr3sp3dr0/unicorn v0.0.0-20241220005206-b8204bd55907/go.mod h1:mcHBrigWSHlMZYol9QOFnK7sbltIt/OaKP5CQBZsC+4=
gopkg.in/check.v1 v0.0.0-20161208181325-20d25e280405/go.mod h1:Co6ibVJAznAaIkqp8huTwlJQCZ016jof/cbN4VW5Yz0=
gopkg.in/yaml.v1 v1.0.0-20140924161607-9f9df34309c0/go.mod h1:WDnlLJ4WF5VGsH/HVa3CI79GS0ol3YnhVnKP89i0kNg=
howett.net/plist v1.0.1 h1:37GdZ8tP09Q35o9ych3ehygcsL+HqKSwzctveSlarvM=
howett.net/plist v1.0.1/go.mod h1:lqaXoTrLY4hg8tnEzNru53gicrbv7rrk+2xJA/7hw9g=
